
Microsoft Visual Studio Solution File, Format Version 12.00
# Visual Studio Version 17
VisualStudioVersion = 17.6.33801.468
MinimumVisualStudioVersion = 10.0.40219.1
Project("{9A19103F-16F7-4668-BE54-9A1E7A4F7556}") = "WeatherAPI", "WeatherAPI\WeatherAPI.csproj", "{E84CED95-E19D-4008-9F82-A1B9F145068E}"
EndProject
Project("{FAE04EC0-301F-11D3-BF4B-00C04F79EFBC}") = "Test", "Test\Test.csproj", "{D8431336-B923-4680-B3CA-CF65D37AEC7F}"
	ProjectSection(ProjectDependencies) = postProject
		{E84CED95-E19D-4008-9F82-A1B9F145068E} = {E84CED95-E19D-4008-9F82-A1B9F145068E}
	EndProjectSection
EndProject
Global
	GlobalSection(SolutionConfigurationPlatforms) = preSolution
		Debug|Any CPU = Debug|Any CPU
		Release|Any CPU = Release|Any CPU
	EndGlobalSection
	GlobalSection(ProjectConfigurationPlatforms) = postSolution
		{E84CED95-E19D-4008-9F82-A1B9F145068E}.Debug|Any CPU.ActiveCfg = Debug|Any CPU
		{E84CED95-E19D-4008-9F82-A1B9F145068E}.Debug|Any CPU.Build.0 = Debug|Any CPU
		{E84CED95-E19D-4008-9F82-A1B9F145068E}.Release|Any CPU.ActiveCfg = Release|Any CPU
		{E84CED95-E19D-4008-9F82-A1B9F145068E}.Release|Any CPU.Build.0 = Release|Any CPU
		{D8431336-B923-4680-B3CA-CF65D37AEC7F}.Debug|Any CPU.ActiveCfg = Debug|Any CPU
		{D8431336-B923-4680-B3CA-CF65D37AEC7F}.Debug|Any CPU.Build.0 = Debug|Any CPU
		{D8431336-B923-4680-B3CA-CF65D37AEC7F}.Release|Any CPU.ActiveCfg = Release|Any CPU
		{D8431336-B923-4680-B3CA-CF65D37AEC7F}.Release|Any CPU.Build.0 = Release|Any CPU
	EndGlobalSection
	GlobalSection(SolutionProperties) = preSolution
		HideSolutionNode = FALSE
	EndGlobalSection
	GlobalSection(ExtensibilityGlobals) = postSolution
		SolutionGuid = {5A2C25F1-CF3B-4174-AC7D-A3D137C65B3F}
	EndGlobalSection
EndGlobal
